// !$*UTF8*$!
{
	archiveVersion = 1;
	classes = {
	};
	objectVersion = 56;
	objects = {

/* Begin PBXBuildFile section */
		C16078F029D239F200681125 /* ScannerViewController.swift in Sources */ = {isa = PBXBuildFile; fileRef = C16078EF29D239F200681125 /* ScannerViewController.swift */; };
		C17785D029CB83AE00C32972 /* AppDelegate.swift in Sources */ = {isa = PBXBuildFile; fileRef = C17785CF29CB83AE00C32972 /* AppDelegate.swift */; };
		C17785D229CB83AE00C32972 /* SceneDelegate.swift in Sources */ = {isa = PBXBuildFile; fileRef = C17785D129CB83AE00C32972 /* SceneDelegate.swift */; };
		C17785D429CB83AE00C32972 /* ViewController.swift in Sources */ = {isa = PBXBuildFile; fileRef = C17785D329CB83AE00C32972 /* ViewController.swift */; };
		C17785D729CB83AE00C32972 /* Main.storyboard in Resources */ = {isa = PBXBuildFile; fileRef = C17785D529CB83AE00C32972 /* Main.storyboard */; };
		C17785D929CB83B000C32972 /* Assets.xcassets in Resources */ = {isa = PBXBuildFile; fileRef = C17785D829CB83B000C32972 /* Assets.xcassets */; };
		C17785DC29CB83B000C32972 /* LaunchScreen.storyboard in Resources */ = {isa = PBXBuildFile; fileRef = C17785DA29CB83B000C32972 /* LaunchScreen.storyboard */; };
		C17785F129CBA74E00C32972 /* IBInspectable+Extensions.swift in Sources */ = {isa = PBXBuildFile; fileRef = C17785F029CBA74E00C32972 /* IBInspectable+Extensions.swift */; };
		C17785F329CBA78300C32972 /* Colors.xcassets in Resources */ = {isa = PBXBuildFile; fileRef = C17785F229CBA78300C32972 /* Colors.xcassets */; };
		C17B2A9C29D499A5001A2A2D /* MotionViewModel.swift in Sources */ = {isa = PBXBuildFile; fileRef = C17B2A9B29D499A5001A2A2D /* MotionViewModel.swift */; };
		C17B2A9F29D4A51E001A2A2D /* ScannerViewDelegate.swift in Sources */ = {isa = PBXBuildFile; fileRef = C17B2A9E29D4A51E001A2A2D /* ScannerViewDelegate.swift */; };
		C17B2AA129D4A545001A2A2D /* MotionDelegate.swift in Sources */ = {isa = PBXBuildFile; fileRef = C17B2AA029D4A545001A2A2D /* MotionDelegate.swift */; };
		C17B2AA429D4A73B001A2A2D /* CLLocationScanQRModel.swift in Sources */ = {isa = PBXBuildFile; fileRef = C17B2AA329D4A73B001A2A2D /* CLLocationScanQRModel.swift */; };
/* End PBXBuildFile section */

/* Begin PBXFileReference section */
		C16078EF29D239F200681125 /* ScannerViewController.swift */ = {isa = PBXFileReference; lastKnownFileType = sourcecode.swift; path = ScannerViewController.swift; sourceTree = "<group>"; };
		C17785CC29CB83AE00C32972 /* QR-Map.app */ = {isa = PBXFileReference; explicitFileType = wrapper.application; includeInIndex = 0; path = "QR-Map.app"; sourceTree = BUILT_PRODUCTS_DIR; };
		C17785CF29CB83AE00C32972 /* AppDelegate.swift */ = {isa = PBXFileReference; lastKnownFileType = sourcecode.swift; path = AppDelegate.swift; sourceTree = "<group>"; };
		C17785D129CB83AE00C32972 /* SceneDelegate.swift */ = {isa = PBXFileReference; lastKnownFileType = sourcecode.swift; path = SceneDelegate.swift; sourceTree = "<group>"; };
		C17785D329CB83AE00C32972 /* ViewController.swift */ = {isa = PBXFileReference; lastKnownFileType = sourcecode.swift; path = ViewController.swift; sourceTree = "<group>"; };
		C17785D629CB83AE00C32972 /* Base */ = {isa = PBXFileReference; lastKnownFileType = file.storyboard; name = Base; path = Base.lproj/Main.storyboard; sourceTree = "<group>"; };
		C17785D829CB83B000C32972 /* Assets.xcassets */ = {isa = PBXFileReference; lastKnownFileType = folder.assetcatalog; path = Assets.xcassets; sourceTree = "<group>"; };
		C17785DB29CB83B000C32972 /* Base */ = {isa = PBXFileReference; lastKnownFileType = file.storyboard; name = Base; path = Base.lproj/LaunchScreen.storyboard; sourceTree = "<group>"; };
		C17785DD29CB83B000C32972 /* Info.plist */ = {isa = PBXFileReference; lastKnownFileType = text.plist.xml; path = Info.plist; sourceTree = "<group>"; };
		C17785F029CBA74E00C32972 /* IBInspectable+Extensions.swift */ = {isa = PBXFileReference; lastKnownFileType = sourcecode.swift; path = "IBInspectable+Extensions.swift"; sourceTree = "<group>"; };
		C17785F229CBA78300C32972 /* Colors.xcassets */ = {isa = PBXFileReference; lastKnownFileType = folder.assetcatalog; path = Colors.xcassets; sourceTree = "<group>"; };
		C17B2A9A29D495E0001A2A2D /* Example_ViewController.swift */ = {isa = PBXFileReference; lastKnownFileType = sourcecode.swift; path = Example_ViewController.swift; sourceTree = "<group>"; };
		C17B2A9B29D499A5001A2A2D /* MotionViewModel.swift */ = {isa = PBXFileReference; lastKnownFileType = sourcecode.swift; path = MotionViewModel.swift; sourceTree = "<group>"; };
		C17B2A9E29D4A51E001A2A2D /* ScannerViewDelegate.swift */ = {isa = PBXFileReference; lastKnownFileType = sourcecode.swift; path = ScannerViewDelegate.swift; sourceTree = "<group>"; };
		C17B2AA029D4A545001A2A2D /* MotionDelegate.swift */ = {isa = PBXFileReference; lastKnownFileType = sourcecode.swift; path = MotionDelegate.swift; sourceTree = "<group>"; };
		C17B2AA329D4A73B001A2A2D /* CLLocationScanQRModel.swift */ = {isa = PBXFileReference; lastKnownFileType = sourcecode.swift; path = CLLocationScanQRModel.swift; sourceTree = "<group>"; };
/* End PBXFileReference section */

/* Begin PBXFrameworksBuildPhase section */
		C17785C929CB83AE00C32972 /* Frameworks */ = {
			isa = PBXFrameworksBuildPhase;
			buildActionMask = 2147483647;
			files = (
			);
			runOnlyForDeploymentPostprocessing = 0;
		};
/* End PBXFrameworksBuildPhase section */

/* Begin PBXGroup section */
		C17785C329CB83AE00C32972 = {
			isa = PBXGroup;
			children = (
				C17785CE29CB83AE00C32972 /* QR-Map */,
				C17785CD29CB83AE00C32972 /* Products */,
			);
			sourceTree = "<group>";
		};
		C17785CD29CB83AE00C32972 /* Products */ = {
			isa = PBXGroup;
			children = (
				C17785CC29CB83AE00C32972 /* QR-Map.app */,
			);
			name = Products;
			sourceTree = "<group>";
		};
		C17785CE29CB83AE00C32972 /* QR-Map */ = {
			isa = PBXGroup;
			children = (
				C17785ED29CBA71000C32972 /* Data */,
				C17785EB29CBA6FB00C32972 /* Utils */,
				C17785E829CBA6D700C32972 /* Resources */,
				C17785E329CBA6A600C32972 /* Application */,
				C17785CF29CB83AE00C32972 /* AppDelegate.swift */,
				C17785D129CB83AE00C32972 /* SceneDelegate.swift */,
				C17785DA29CB83B000C32972 /* LaunchScreen.storyboard */,
				C17785DD29CB83B000C32972 /* Info.plist */,
			);
			path = "QR-Map";
			sourceTree = "<group>";
		};
		C17785E329CBA6A600C32972 /* Application */ = {
			isa = PBXGroup;
			children = (
				C17B2A9D29D4A4FE001A2A2D /* Protocols */,
				C17785E729CBA6C800C32972 /* Views */,
				C17785E629CBA6C100C32972 /* ViewModels */,
				C17785E429CBA6AE00C32972 /* Storyboards */,
			);
			path = Application;
			sourceTree = "<group>";
		};
		C17785E429CBA6AE00C32972 /* Storyboards */ = {
			isa = PBXGroup;
			children = (
				C17785D529CB83AE00C32972 /* Main.storyboard */,
			);
			path = Storyboards;
			sourceTree = "<group>";
		};
		C17785E629CBA6C100C32972 /* ViewModels */ = {
			isa = PBXGroup;
			children = (
				C17B2A9B29D499A5001A2A2D /* MotionViewModel.swift */,
			);
			path = ViewModels;
			sourceTree = "<group>";
		};
		C17785E729CBA6C800C32972 /* Views */ = {
			isa = PBXGroup;
			children = (
				C17785D329CB83AE00C32972 /* ViewController.swift */,
				C16078EF29D239F200681125 /* ScannerViewController.swift */,
				C17B2A9A29D495E0001A2A2D /* Example_ViewController.swift */,
			);
			path = Views;
			sourceTree = "<group>";
		};
		C17785E829CBA6D700C32972 /* Resources */ = {
			isa = PBXGroup;
			children = (
				C17785EA29CBA6E600C32972 /* Assets */,
				C17785E929CBA6E000C32972 /* Colors */,
			);
			path = Resources;
			sourceTree = "<group>";
		};
		C17785E929CBA6E000C32972 /* Colors */ = {
			isa = PBXGroup;
			children = (
				C17785F229CBA78300C32972 /* Colors.xcassets */,
			);
			path = Colors;
			sourceTree = "<group>";
		};
		C17785EA29CBA6E600C32972 /* Assets */ = {
			isa = PBXGroup;
			children = (
				C17785D829CB83B000C32972 /* Assets.xcassets */,
			);
			name = Assets;
			sourceTree = "<group>";
		};
		C17785EB29CBA6FB00C32972 /* Utils */ = {
			isa = PBXGroup;
			children = (
				C17785EC29CBA70300C32972 /* Extensions */,
			);
			path = Utils;
			sourceTree = "<group>";
		};
		C17785EC29CBA70300C32972 /* Extensions */ = {
			isa = PBXGroup;
			children = (
				C17785F029CBA74E00C32972 /* IBInspectable+Extensions.swift */,
			);
			path = Extensions;
			sourceTree = "<group>";
		};
		C17785ED29CBA71000C32972 /* Data */ = {
			isa = PBXGroup;
			children = (
				C17B2AA229D4A722001A2A2D /* Models */,
				C17785EF29CBA72200C32972 /* Networking */,
				C17785EE29CBA71A00C32972 /* PersistenStorages */,
			);
			path = Data;
			sourceTree = "<group>";
		};
		C17785EE29CBA71A00C32972 /* PersistenStorages */ = {
			isa = PBXGroup;
			children = (
			);
			path = PersistenStorages;
			sourceTree = "<group>";
		};
		C17785EF29CBA72200C32972 /* Networking */ = {
			isa = PBXGroup;
			children = (
			);
			path = Networking;
			sourceTree = "<group>";
		};
		C17B2A9D29D4A4FE001A2A2D /* Protocols */ = {
			isa = PBXGroup;
			children = (
				C17B2A9E29D4A51E001A2A2D /* ScannerViewDelegate.swift */,
				C17B2AA029D4A545001A2A2D /* MotionDelegate.swift */,
			);
			path = Protocols;
			sourceTree = "<group>";
		};
		C17B2AA229D4A722001A2A2D /* Models */ = {
			isa = PBXGroup;
			children = (
				C17B2AA329D4A73B001A2A2D /* CLLocationScanQRModel.swift */,
			);
			path = Models;
			sourceTree = "<group>";
		};
/* End PBXGroup section */

/* Begin PBXNativeTarget section */
		C17785CB29CB83AE00C32972 /* QR-Map */ = {
			isa = PBXNativeTarget;
			buildConfigurationList = C17785E029CB83B000C32972 /* Build configuration list for PBXNativeTarget "QR-Map" */;
			buildPhases = (
				C17785C829CB83AE00C32972 /* Sources */,
				C17785C929CB83AE00C32972 /* Frameworks */,
				C17785CA29CB83AE00C32972 /* Resources */,
			);
			buildRules = (
			);
			dependencies = (
			);
			name = "QR-Map";
			productName = "QR-Map";
			productReference = C17785CC29CB83AE00C32972 /* QR-Map.app */;
			productType = "com.apple.product-type.application";
		};
/* End PBXNativeTarget section */

/* Begin PBXProject section */
		C17785C429CB83AE00C32972 /* Project object */ = {
			isa = PBXProject;
			attributes = {
				BuildIndependentTargetsInParallel = 1;
				LastSwiftUpdateCheck = 1420;
				LastUpgradeCheck = 1420;
				TargetAttributes = {
					C17785CB29CB83AE00C32972 = {
						CreatedOnToolsVersion = 14.2;
					};
				};
			};
			buildConfigurationList = C17785C729CB83AE00C32972 /* Build configuration list for PBXProject "QR-Map" */;
			compatibilityVersion = "Xcode 14.0";
			developmentRegion = en;
			hasScannedForEncodings = 0;
			knownRegions = (
				en,
				Base,
			);
			mainGroup = C17785C329CB83AE00C32972;
			productRefGroup = C17785CD29CB83AE00C32972 /* Products */;
			projectDirPath = "";
			projectRoot = "";
			targets = (
				C17785CB29CB83AE00C32972 /* QR-Map */,
			);
		};
/* End PBXProject section */

/* Begin PBXResourcesBuildPhase section */
		C17785CA29CB83AE00C32972 /* Resources */ = {
			isa = PBXResourcesBuildPhase;
			buildActionMask = 2147483647;
			files = (
				C17785DC29CB83B000C32972 /* LaunchScreen.storyboard in Resources */,
				C17785F329CBA78300C32972 /* Colors.xcassets in Resources */,
				C17785D929CB83B000C32972 /* Assets.xcassets in Resources */,
				C17785D729CB83AE00C32972 /* Main.storyboard in Resources */,
			);
			runOnlyForDeploymentPostprocessing = 0;
		};
/* End PBXResourcesBuildPhase section */

/* Begin PBXSourcesBuildPhase section */
		C17785C829CB83AE00C32972 /* Sources */ = {
			isa = PBXSourcesBuildPhase;
			buildActionMask = 2147483647;
			files = (
				C17B2AA129D4A545001A2A2D /* MotionDelegate.swift in Sources */,
				C17785D429CB83AE00C32972 /* ViewController.swift in Sources */,
				C16078F029D239F200681125 /* ScannerViewController.swift in Sources */,
				C17785F129CBA74E00C32972 /* IBInspectable+Extensions.swift in Sources */,
				C17785D029CB83AE00C32972 /* AppDelegate.swift in Sources */,
				C17785D229CB83AE00C32972 /* SceneDelegate.swift in Sources */,
				C17B2A9C29D499A5001A2A2D /* MotionViewModel.swift in Sources */,
				C17B2A9F29D4A51E001A2A2D /* ScannerViewDelegate.swift in Sources */,
				C17B2AA429D4A73B001A2A2D /* CLLocationScanQRModel.swift in Sources */,
			);
			runOnlyForDeploymentPostprocessing = 0;
		};
/* End PBXSourcesBuildPhase section */

/* Begin PBXVariantGroup section */
		C17785D529CB83AE00C32972 /* Main.storyboard */ = {
			isa = PBXVariantGroup;
			children = (
				C17785D629CB83AE00C32972 /* Base */,
			);
			name = Main.storyboard;
			sourceTree = "<group>";
		};
		C17785DA29CB83B000C32972 /* LaunchScreen.storyboard */ = {
			isa = PBXVariantGroup;
			children = (
				C17785DB29CB83B000C32972 /* Base */,
			);
			name = LaunchScreen.storyboard;
			sourceTree = "<group>";
		};
/* End PBXVariantGroup section */

/* Begin XCBuildConfiguration section */
		C17785DE29CB83B000C32972 /* Debug */ = {
			isa = XCBuildConfiguration;
			buildSettings = {
				ALWAYS_SEARCH_USER_PATHS = NO;
				CLANG_ANALYZER_NONNULL = YES;
				CLANG_ANALYZER_NUMBER_OBJECT_CONVERSION = YES_AGGRESSIVE;
				CLANG_CXX_LANGUAGE_STANDARD = "gnu++20";
				CLANG_ENABLE_MODULES = YES;
				CLANG_ENABLE_OBJC_ARC = YES;
				CLANG_ENABLE_OBJC_WEAK = YES;
				CLANG_WARN_BLOCK_CAPTURE_AUTORELEASING = YES;
				CLANG_WARN_BOOL_CONVERSION = YES;
				CLANG_WARN_COMMA = YES;
				CLANG_WARN_CONSTANT_CONVERSION = YES;
				CLANG_WARN_DEPRECATED_OBJC_IMPLEMENTATIONS = YES;
				CLANG_WARN_DIRECT_OBJC_ISA_USAGE = YES_ERROR;
				CLANG_WARN_DOCUMENTATION_COMMENTS = YES;
				CLANG_WARN_EMPTY_BODY = YES;
				CLANG_WARN_ENUM_CONVERSION = YES;
				CLANG_WARN_INFINITE_RECURSION = YES;
				CLANG_WARN_INT_CONVERSION = YES;
				CLANG_WARN_NON_LITERAL_NULL_CONVERSION = YES;
				CLANG_WARN_OBJC_IMPLICIT_RETAIN_SELF = YES;
				CLANG_WARN_OBJC_LITERAL_CONVERSION = YES;
				CLANG_WARN_OBJC_ROOT_CLASS = YES_ERROR;
				CLANG_WARN_QUOTED_INCLUDE_IN_FRAMEWORK_HEADER = YES;
				CLANG_WARN_RANGE_LOOP_ANALYSIS = YES;
				CLANG_WARN_STRICT_PROTOTYPES = YES;
				CLANG_WARN_SUSPICIOUS_MOVE = YES;
				CLANG_WARN_UNGUARDED_AVAILABILITY = YES_AGGRESSIVE;
				CLANG_WARN_UNREACHABLE_CODE = YES;
				CLANG_WARN__DUPLICATE_METHOD_MATCH = YES;
				COPY_PHASE_STRIP = NO;
				DEBUG_INFORMATION_FORMAT = dwarf;
				ENABLE_STRICT_OBJC_MSGSEND = YES;
				ENABLE_TESTABILITY = YES;
				GCC_C_LANGUAGE_STANDARD = gnu11;
				GCC_DYNAMIC_NO_PIC = NO;
				GCC_NO_COMMON_BLOCKS = YES;
				GCC_OPTIMIZATION_LEVEL = 0;
				GCC_PREPROCESSOR_DEFINITIONS = (
					"DEBUG=1",
					"$(inherited)",
				);
				GCC_WARN_64_TO_32_BIT_CONVERSION = YES;
				GCC_WARN_ABOUT_RETURN_TYPE = YES_ERROR;
				GCC_WARN_UNDECLARED_SELECTOR = YES;
				GCC_WARN_UNINITIALIZED_AUTOS = YES_AGGRESSIVE;
				GCC_WARN_UNUSED_FUNCTION = YES;
				GCC_WARN_UNUSED_VARIABLE = YES;
				IPHONEOS_DEPLOYMENT_TARGET = 16.2;
				MTL_ENABLE_DEBUG_INFO = INCLUDE_SOURCE;
				MTL_FAST_MATH = YES;
				ONLY_ACTIVE_ARCH = YES;
				SDKROOT = iphoneos;
				SWIFT_ACTIVE_COMPILATION_CONDITIONS = DEBUG;
				SWIFT_OPTIMIZATION_LEVEL = "-Onone";
			};
			name = Debug;
		};
		C17785DF29CB83B000C32972 /* Release */ = {
			isa = XCBuildConfiguration;
			buildSettings = {
				ALWAYS_SEARCH_USER_PATHS = NO;
				CLANG_ANALYZER_NONNULL = YES;
				CLANG_ANALYZER_NUMBER_OBJECT_CONVERSION = YES_AGGRESSIVE;
				CLANG_CXX_LANGUAGE_STANDARD = "gnu++20";
				CLANG_ENABLE_MODULES = YES;
				CLANG_ENABLE_OBJC_ARC = YES;
				CLANG_ENABLE_OBJC_WEAK = YES;
				CLANG_WARN_BLOCK_CAPTURE_AUTORELEASING = YES;
				CLANG_WARN_BOOL_CONVERSION = YES;
				CLANG_WARN_COMMA = YES;
				CLANG_WARN_CONSTANT_CONVERSION = YES;
				CLANG_WARN_DEPRECATED_OBJC_IMPLEMENTATIONS = YES;
				CLANG_WARN_DIRECT_OBJC_ISA_USAGE = YES_ERROR;
				CLANG_WARN_DOCUMENTATION_COMMENTS = YES;
				CLANG_WARN_EMPTY_BODY = YES;
				CLANG_WARN_ENUM_CONVERSION = YES;
				CLANG_WARN_INFINITE_RECURSION = YES;
				CLANG_WARN_INT_CONVERSION = YES;
				CLANG_WARN_NON_LITERAL_NULL_CONVERSION = YES;
				CLANG_WARN_OBJC_IMPLICIT_RETAIN_SELF = YES;
				CLANG_WARN_OBJC_LITERAL_CONVERSION = YES;
				CLANG_WARN_OBJC_ROOT_CLASS = YES_ERROR;
				CLANG_WARN_QUOTED_INCLUDE_IN_FRAMEWORK_HEADER = YES;
				CLANG_WARN_RANGE_LOOP_ANALYSIS = YES;
				CLANG_WARN_STRICT_PROTOTYPES = YES;
				CLANG_WARN_SUSPICIOUS_MOVE = YES;
				CLANG_WARN_UNGUARDED_AVAILABILITY = YES_AGGRESSIVE;
				CLANG_WARN_UNREACHABLE_CODE = YES;
				CLANG_WARN__DUPLICATE_METHOD_MATCH = YES;
				COPY_PHASE_STRIP = NO;
				DEBUG_INFORMATION_FORMAT = "dwarf-with-dsym";
				ENABLE_NS_ASSERTIONS = NO;
				ENABLE_STRICT_OBJC_MSGSEND = YES;
				GCC_C_LANGUAGE_STANDARD = gnu11;
				GCC_NO_COMMON_BLOCKS = YES;
				GCC_WARN_64_TO_32_BIT_CONVERSION = YES;
				GCC_WARN_ABOUT_RETURN_TYPE = YES_ERROR;
				GCC_WARN_UNDECLARED_SELECTOR = YES;
				GCC_WARN_UNINITIALIZED_AUTOS = YES_AGGRESSIVE;
				GCC_WARN_UNUSED_FUNCTION = YES;
				GCC_WARN_UNUSED_VARIABLE = YES;
				IPHONEOS_DEPLOYMENT_TARGET = 16.2;
				MTL_ENABLE_DEBUG_INFO = NO;
				MTL_FAST_MATH = YES;
				SDKROOT = iphoneos;
				SWIFT_COMPILATION_MODE = wholemodule;
				SWIFT_OPTIMIZATION_LEVEL = "-O";
				VALIDATE_PRODUCT = YES;
			};
			name = Release;
		};
		C17785E129CB83B000C32972 /* Debug */ = {
			isa = XCBuildConfiguration;
			buildSettings = {
				ASSETCATALOG_COMPILER_APPICON_NAME = AppIcon;
				ASSETCATALOG_COMPILER_GLOBAL_ACCENT_COLOR_NAME = AccentColor;
				CODE_SIGN_STYLE = Automatic;
				CURRENT_PROJECT_VERSION = 1;
				DEVELOPMENT_TEAM = RG9DD7MR44;
				GENERATE_INFOPLIST_FILE = YES;
				INFOPLIST_FILE = "QR-Map/Info.plist";
				INFOPLIST_KEY_NSCameraUsageDescription = "Privacy - Camera Usage Description";
				INFOPLIST_KEY_NSLocationAlwaysAndWhenInUseUsageDescription = "Privacy - Location Always and When In Use Usage Description";
				INFOPLIST_KEY_NSLocationAlwaysUsageDescription = "Privacy - Location Always Usage Description";
				INFOPLIST_KEY_NSLocationWhenInUseUsageDescription = "Privacy - Location When In Use Usage Description";
				INFOPLIST_KEY_UIApplicationSupportsIndirectInputEvents = YES;
				INFOPLIST_KEY_UILaunchStoryboardName = LaunchScreen;
				INFOPLIST_KEY_UIMainStoryboardFile = Main;
				INFOPLIST_KEY_UISupportedInterfaceOrientations_iPad = "UIInterfaceOrientationPortrait UIInterfaceOrientationPortraitUpsideDown UIInterfaceOrientationLandscapeLeft UIInterfaceOrientationLandscapeRight";
				INFOPLIST_KEY_UISupportedInterfaceOrientations_iPhone = "UIInterfaceOrientationPortrait UIInterfaceOrientationLandscapeLeft UIInterfaceOrientationLandscapeRight";
				IPHONEOS_DEPLOYMENT_TARGET = 14.0;
				LD_RUNPATH_SEARCH_PATHS = (
					"$(inherited)",
					"@executable_path/Frameworks",
				);
				MARKETING_VERSION = 1.0;
				PRODUCT_BUNDLE_IDENTIFIER = "Solidusystems.QR-Map";
				PRODUCT_NAME = "$(TARGET_NAME)";
				SWIFT_EMIT_LOC_STRINGS = YES;
				SWIFT_VERSION = 5.0;
				TARGETED_DEVICE_FAMILY = "1,2";
			};
			name = Debug;
		};
		C17785E229CB83B000C32972 /* Release */ = {
			isa = XCBuildConfiguration;
			buildSettings = {
				ASSETCATALOG_COMPILER_APPICON_NAME = AppIcon;
				ASSETCATALOG_COMPILER_GLOBAL_ACCENT_COLOR_NAME = AccentColor;
				CODE_SIGN_STYLE = Automatic;
				CURRENT_PROJECT_VERSION = 1;
				DEVELOPMENT_TEAM = RG9DD7MR44;
				GENERATE_INFOPLIST_FILE = YES;
				INFOPLIST_FILE = "QR-Map/Info.plist";
				INFOPLIST_KEY_NSCameraUsageDescription = "Privacy - Camera Usage Description";
				INFOPLIST_KEY_NSLocationAlwaysAndWhenInUseUsageDescription = "Privacy - Location Always and When In Use Usage Description";
				INFOPLIST_KEY_NSLocationAlwaysUsageDescription = "Privacy - Location Always Usage Description";
				INFOPLIST_KEY_NSLocationWhenInUseUsageDescription = "Privacy - Location When In Use Usage Description";
				INFOPLIST_KEY_UIApplicationSupportsIndirectInputEvents = YES;
				INFOPLIST_KEY_UILaunchStoryboardName = LaunchScreen;
				INFOPLIST_KEY_UIMainStoryboardFile = Main;
				INFOPLIST_KEY_UISupportedInterfaceOrientations_iPad = "UIInterfaceOrientationPortrait UIInterfaceOrientationPortraitUpsideDown UIInterfaceOrientationLandscapeLeft UIInterfaceOrientationLandscapeRight";
				INFOPLIST_KEY_UISupportedInterfaceOrientations_iPhone = "UIInterfaceOrientationPortrait UIInterfaceOrientationLandscapeLeft UIInterfaceOrientationLandscapeRight";
				IPHONEOS_DEPLOYMENT_TARGET = 14.0;
				LD_RUNPATH_SEARCH_PATHS = (
					"$(inherited)",
					"@executable_path/Frameworks",
				);
				MARKETING_VERSION = 1.0;
				PRODUCT_BUNDLE_IDENTIFIER = "Solidusystems.QR-Map";
				PRODUCT_NAME = "$(TARGET_NAME)";
				SWIFT_EMIT_LOC_STRINGS = YES;
				SWIFT_VERSION = 5.0;
				TARGETED_DEVICE_FAMILY = "1,2";
			};
			name = Release;
		};
/* End XCBuildConfiguration section */

/* Begin XCConfigurationList section */
		C17785C729CB83AE00C32972 /* Build configuration list for PBXProject "QR-Map" */ = {
			isa = XCConfigurationList;
			buildConfigurations = (
				C17785DE29CB83B000C32972 /* Debug */,
				C17785DF29CB83B000C32972 /* Release */,
			);
			defaultConfigurationIsVisible = 0;
			defaultConfigurationName = Release;
		};
		C17785E029CB83B000C32972 /* Build configuration list for PBXNativeTarget "QR-Map" */ = {
			isa = XCConfigurationList;
			buildConfigurations = (
				C17785E129CB83B000C32972 /* Debug */,
				C17785E229CB83B000C32972 /* Release */,
			);
			defaultConfigurationIsVisible = 0;
			defaultConfigurationName = Release;
		};
/* End XCConfigurationList section */
	};
	rootObject = C17785C429CB83AE00C32972 /* Project object */;
}
